
Microsoft Visual Studio Solution File, Format Version 12.00
Project("{FAE04EC0-301F-11D3-BF4B-00C04F79EFBC}") = "Patlast-Core", "Patlast-Core\Patlast-Core.csproj", "{52FFAAE1-07E7-43C1-8552-E2C95A63B22E}"
EndProject
Project("{FAE04EC0-301F-11D3-BF4B-00C04F79EFBC}") = "Patlast-Test", "Patlast-Test\Patlast-Test.csproj", "{D76531A1-8DCF-49A5-9E4A-3DF1178A620E}"
EndProject
Global
	GlobalSection(SolutionConfigurationPlatforms) = preSolution
		Debug|Any CPU = Debug|Any CPU
		Release|Any CPU = Release|Any CPU
	EndGlobalSection
	GlobalSection(ProjectConfigurationPlatforms) = postSolution
		{52FFAAE1-07E7-43C1-8552-E2C95A63B22E}.Debug|Any CPU.ActiveCfg = Debug|Any CPU
		{52FFAAE1-07E7-43C1-8552-E2C95A63B22E}.Debug|Any CPU.Build.0 = Debug|Any CPU
		{52FFAAE1-07E7-43C1-8552-E2C95A63B22E}.Release|Any CPU.ActiveCfg = Release|Any CPU
		{52FFAAE1-07E7-43C1-8552-E2C95A63B22E}.Release|Any CPU.Build.0 = Release|Any CPU
		{D76531A1-8DCF-49A5-9E4A-3DF1178A620E}.Debug|Any CPU.ActiveCfg = Debug|Any CPU
		{D76531A1-8DCF-49A5-9E4A-3DF1178A620E}.Debug|Any CPU.Build.0 = Debug|Any CPU
		{D76531A1-8DCF-49A5-9E4A-3DF1178A620E}.Release|Any CPU.ActiveCfg = Release|Any CPU
		{D76531A1-8DCF-49A5-9E4A-3DF1178A620E}.Release|Any CPU.Build.0 = Release|Any CPU
	EndGlobalSection
EndGlobal
